
Microsoft Visual Studio Solution File, Format Version 10.00
# Visual Studio 2008
Project("{FAE04EC0-301F-11D3-BF4B-00C04F79EFBC}") = "epi-display-rvc", "epi-display-rvc.csproj", "{776A9F48-0441-4B8B-97CC-93F076EE0079}"
EndProject
Global
	GlobalSection(SolutionConfigurationPlatforms) = preSolution
		Debug|Any CPU = Debug|Any CPU
		Release|Any CPU = Release|Any CPU
	EndGlobalSection
	GlobalSection(ProjectConfigurationPlatforms) = postSolution
		{776A9F48-0441-4B8B-97CC-93F076EE0079}.Debug|Any CPU.ActiveCfg = Debug|Any CPU
		{776A9F48-0441-4B8B-97CC-93F076EE0079}.Debug|Any CPU.Build.0 = Debug|Any CPU
		{776A9F48-0441-4B8B-97CC-93F076EE0079}.Release|Any CPU.ActiveCfg = Release|Any CPU
		{776A9F48-0441-4B8B-97CC-93F076EE0079}.Release|Any CPU.Build.0 = Release|Any CPU
	EndGlobalSection
	GlobalSection(SolutionProperties) = preSolution
		HideSolutionNode = FALSE
	EndGlobalSection
EndGlobal
